
Microsoft Visual Studio Solution File, Format Version 12.00
# Visual Studio 2015
Project("{FAE04EC0-301F-11D3-BF4B-00C04F79EFBC}") = "Deadaleus.CSharp", "Deadaleus.CSharp.csproj", "{BAD9F07D-716F-8F19-6CFA-C808215F1504}"
EndProject
Global
	GlobalSection(SolutionConfigurationPlatforms) = preSolution
		Debug|Any CPU = Debug|Any CPU
		Release|Any CPU = Release|Any CPU
	EndGlobalSection
	GlobalSection(ProjectConfigurationPlatforms) = postSolution
		{BAD9F07D-716F-8F19-6CFA-C808215F1504}.Debug|Any CPU.ActiveCfg = Debug|Any CPU
		{BAD9F07D-716F-8F19-6CFA-C808215F1504}.Debug|Any CPU.Build.0 = Debug|Any CPU
		{BAD9F07D-716F-8F19-6CFA-C808215F1504}.Release|Any CPU.ActiveCfg = Release|Any CPU
		{BAD9F07D-716F-8F19-6CFA-C808215F1504}.Release|Any CPU.Build.0 = Release|Any CPU
	EndGlobalSection
	GlobalSection(SolutionProperties) = preSolution
		HideSolutionNode = FALSE
	EndGlobalSection
EndGlobal
